
Microsoft Visual Studio Solution File, Format Version 12.00
# Visual Studio 15
VisualStudioVersion = 15.0.27130.2010
MinimumVisualStudioVersion = 10.0.40219.1
Project("{8BC9CEB8-8B4A-11D0-8D11-00A0C91BC942}") = "heptagon", "heptagon\heptagon.vcxproj", "{4043129B-8CB1-4CC3-8483-274388CCC7B6}"
EndProject
Global
	GlobalSection(SolutionConfigurationPlatforms) = preSolution
		Debug|x64 = Debug|x64
		Debug|x86 = Debug|x86
		Release|x64 = Release|x64
		Release|x86 = Release|x86
	EndGlobalSection
	GlobalSection(ProjectConfigurationPlatforms) = postSolution
		{4043129B-8CB1-4CC3-8483-274388CCC7B6}.Debug|x64.ActiveCfg = Debug|x64
		{4043129B-8CB1-4CC3-8483-274388CCC7B6}.Debug|x64.Build.0 = Debug|x64
		{4043129B-8CB1-4CC3-8483-274388CCC7B6}.Debug|x86.ActiveCfg = Debug|Win32
		{4043129B-8CB1-4CC3-8483-274388CCC7B6}.Debug|x86.Build.0 = Debug|Win32
		{4043129B-8CB1-4CC3-8483-274388CCC7B6}.Release|x64.ActiveCfg = Release|x64
		{4043129B-8CB1-4CC3-8483-274388CCC7B6}.Release|x64.Build.0 = Release|x64
		{4043129B-8CB1-4CC3-8483-274388CCC7B6}.Release|x86.ActiveCfg = Release|Win32
		{4043129B-8CB1-4CC3-8483-274388CCC7B6}.Release|x86.Build.0 = Release|Win32
	EndGlobalSection
	GlobalSection(SolutionProperties) = preSolution
		HideSolutionNode = FALSE
	EndGlobalSection
	GlobalSection(ExtensibilityGlobals) = postSolution
		SolutionGuid = {4AD48371-9708-4AE7-B51E-11E75CC5B1A6}
	EndGlobalSection
EndGlobal
